// !$*UTF8*$!
{
	archiveVersion = 1;
	classes = {
	};
	objectVersion = 50;
	objects = {

/* Begin PBXBuildFile section */
		E970273725375A5800BFDE14 /* AppDelegate.swift in Sources */ = {isa = PBXBuildFile; fileRef = E970273625375A5800BFDE14 /* AppDelegate.swift */; };
		E970273925375A5800BFDE14 /* SceneDelegate.swift in Sources */ = {isa = PBXBuildFile; fileRef = E970273825375A5800BFDE14 /* SceneDelegate.swift */; };
		E970273B25375A5800BFDE14 /* ViewController.swift in Sources */ = {isa = PBXBuildFile; fileRef = E970273A25375A5800BFDE14 /* ViewController.swift */; };
		E970273E25375A5800BFDE14 /* Main.storyboard in Resources */ = {isa = PBXBuildFile; fileRef = E970273C25375A5800BFDE14 /* Main.storyboard */; };
		E970274125375A5800BFDE14 /* Conversor_de_Moedas.xcdatamodeld in Sources */ = {isa = PBXBuildFile; fileRef = E970273F25375A5800BFDE14 /* Conversor_de_Moedas.xcdatamodeld */; };
		E970274325375A5900BFDE14 /* Assets.xcassets in Resources */ = {isa = PBXBuildFile; fileRef = E970274225375A5900BFDE14 /* Assets.xcassets */; };
		E970274625375A5900BFDE14 /* LaunchScreen.storyboard in Resources */ = {isa = PBXBuildFile; fileRef = E970274425375A5900BFDE14 /* LaunchScreen.storyboard */; };
/* End PBXBuildFile section */

/* Begin PBXFileReference section */
		E970273325375A5800BFDE14 /* Conversor de Moedas.app */ = {isa = PBXFileReference; explicitFileType = wrapper.application; includeInIndex = 0; path = "Conversor de Moedas.app"; sourceTree = BUILT_PRODUCTS_DIR; };
		E970273625375A5800BFDE14 /* AppDelegate.swift */ = {isa = PBXFileReference; lastKnownFileType = sourcecode.swift; path = AppDelegate.swift; sourceTree = "<group>"; };
		E970273825375A5800BFDE14 /* SceneDelegate.swift */ = {isa = PBXFileReference; lastKnownFileType = sourcecode.swift; path = SceneDelegate.swift; sourceTree = "<group>"; };
		E970273A25375A5800BFDE14 /* ViewController.swift */ = {isa = PBXFileReference; lastKnownFileType = sourcecode.swift; path = ViewController.swift; sourceTree = "<group>"; };
		E970273D25375A5800BFDE14 /* Base */ = {isa = PBXFileReference; lastKnownFileType = file.storyboard; name = Base; path = Base.lproj/Main.storyboard; sourceTree = "<group>"; };
		E970274025375A5800BFDE14 /* Conversor_de_Moedas.xcdatamodel */ = {isa = PBXFileReference; lastKnownFileType = wrapper.xcdatamodel; path = Conversor_de_Moedas.xcdatamodel; sourceTree = "<group>"; };
		E970274225375A5900BFDE14 /* Assets.xcassets */ = {isa = PBXFileReference; lastKnownFileType = folder.assetcatalog; path = Assets.xcassets; sourceTree = "<group>"; };
		E970274525375A5900BFDE14 /* Base */ = {isa = PBXFileReference; lastKnownFileType = file.storyboard; name = Base; path = Base.lproj/LaunchScreen.storyboard; sourceTree = "<group>"; };
		E970274725375A5900BFDE14 /* Info.plist */ = {isa = PBXFileReference; lastKnownFileType = text.plist.xml; path = Info.plist; sourceTree = "<group>"; };
/* End PBXFileReference section */

/* Begin PBXFrameworksBuildPhase section */
		E970273025375A5800BFDE14 /* Frameworks */ = {
			isa = PBXFrameworksBuildPhase;
			buildActionMask = 2147483647;
			files = (
			);
			runOnlyForDeploymentPostprocessing = 0;
		};
/* End PBXFrameworksBuildPhase section */

/* Begin PBXGroup section */
		E970272A25375A5800BFDE14 = {
			isa = PBXGroup;
			children = (
				E970273525375A5800BFDE14 /* Conversor de Moedas */,
				E970273425375A5800BFDE14 /* Products */,
			);
			sourceTree = "<group>";
		};
		E970273425375A5800BFDE14 /* Products */ = {
			isa = PBXGroup;
			children = (
				E970273325375A5800BFDE14 /* Conversor de Moedas.app */,
			);
			name = Products;
			sourceTree = "<group>";
		};
		E970273525375A5800BFDE14 /* Conversor de Moedas */ = {
			isa = PBXGroup;
			children = (
				E970273625375A5800BFDE14 /* AppDelegate.swift */,
				E970273825375A5800BFDE14 /* SceneDelegate.swift */,
				E970273A25375A5800BFDE14 /* ViewController.swift */,
				E970273C25375A5800BFDE14 /* Main.storyboard */,
				E970274225375A5900BFDE14 /* Assets.xcassets */,
				E970274425375A5900BFDE14 /* LaunchScreen.storyboard */,
				E970274725375A5900BFDE14 /* Info.plist */,
				E970273F25375A5800BFDE14 /* Conversor_de_Moedas.xcdatamodeld */,
			);
			path = "Conversor de Moedas";
			sourceTree = "<group>";
		};
/* End PBXGroup section */

/* Begin PBXNativeTarget section */
		E970273225375A5800BFDE14 /* Conversor de Moedas */ = {
			isa = PBXNativeTarget;
			buildConfigurationList = E970274A25375A5900BFDE14 /* Build configuration list for PBXNativeTarget "Conversor de Moedas" */;
			buildPhases = (
				E970272F25375A5800BFDE14 /* Sources */,
				E970273025375A5800BFDE14 /* Frameworks */,
				E970273125375A5800BFDE14 /* Resources */,
			);
			buildRules = (
			);
			dependencies = (
			);
			name = "Conversor de Moedas";
			productName = "Conversor de Moedas";
			productReference = E970273325375A5800BFDE14 /* Conversor de Moedas.app */;
			productType = "com.apple.product-type.application";
		};
/* End PBXNativeTarget section */

/* Begin PBXProject section */
		E970272B25375A5800BFDE14 /* Project object */ = {
			isa = PBXProject;
			attributes = {
				LastSwiftUpdateCheck = 1200;
				LastUpgradeCheck = 1200;
				TargetAttributes = {
					E970273225375A5800BFDE14 = {
						CreatedOnToolsVersion = 12.0.1;
					};
				};
			};
			buildConfigurationList = E970272E25375A5800BFDE14 /* Build configuration list for PBXProject "Conversor de Moedas" */;
			compatibilityVersion = "Xcode 9.3";
			developmentRegion = en;
			hasScannedForEncodings = 0;
			knownRegions = (
				en,
				Base,
			);
			mainGroup = E970272A25375A5800BFDE14;
			productRefGroup = E970273425375A5800BFDE14 /* Products */;
			projectDirPath = "";
			projectRoot = "";
			targets = (
				E970273225375A5800BFDE14 /* Conversor de Moedas */,
			);
		};
/* End PBXProject section */

/* Begin PBXResourcesBuildPhase section */
		E970273125375A5800BFDE14 /* Resources */ = {
			isa = PBXResourcesBuildPhase;
			buildActionMask = 2147483647;
			files = (
				E970274625375A5900BFDE14 /* LaunchScreen.storyboard in Resources */,
				E970274325375A5900BFDE14 /* Assets.xcassets in Resources */,
				E970273E25375A5800BFDE14 /* Main.storyboard in Resources */,
			);
			runOnlyForDeploymentPostprocessing = 0;
		};
/* End PBXResourcesBuildPhase section */

/* Begin PBXSourcesBuildPhase section */
		E970272F25375A5800BFDE14 /* Sources */ = {
			isa = PBXSourcesBuildPhase;
			buildActionMask = 2147483647;
			files = (
				E970273B25375A5800BFDE14 /* ViewController.swift in Sources */,
				E970273725375A5800BFDE14 /* AppDelegate.swift in Sources */,
				E970274125375A5800BFDE14 /* Conversor_de_Moedas.xcdatamodeld in Sources */,
				E970273925375A5800BFDE14 /* SceneDelegate.swift in Sources */,
			);
			runOnlyForDeploymentPostprocessing = 0;
		};
/* End PBXSourcesBuildPhase section */

/* Begin PBXVariantGroup section */
		E970273C25375A5800BFDE14 /* Main.storyboard */ = {
			isa = PBXVariantGroup;
			children = (
				E970273D25375A5800BFDE14 /* Base */,
			);
			name = Main.storyboard;
			sourceTree = "<group>";
		};
		E970274425375A5900BFDE14 /* LaunchScreen.storyboard */ = {
			isa = PBXVariantGroup;
			children = (
				E970274525375A5900BFDE14 /* Base */,
			);
			name = LaunchScreen.storyboard;
			sourceTree = "<group>";
		};
/* End PBXVariantGroup section */

/* Begin XCBuildConfiguration section */
		E970274825375A5900BFDE14 /* Debug */ = {
			isa = XCBuildConfiguration;
			buildSettings = {
				ALWAYS_SEARCH_USER_PATHS = NO;
				CLANG_ANALYZER_NONNULL = YES;
				CLANG_ANALYZER_NUMBER_OBJECT_CONVERSION = YES_AGGRESSIVE;
				CLANG_CXX_LANGUAGE_STANDARD = "gnu++14";
				CLANG_CXX_LIBRARY = "libc++";
				CLANG_ENABLE_MODULES = YES;
				CLANG_ENABLE_OBJC_ARC = YES;
				CLANG_ENABLE_OBJC_WEAK = YES;
				CLANG_WARN_BLOCK_CAPTURE_AUTORELEASING = YES;
				CLANG_WARN_BOOL_CONVERSION = YES;
				CLANG_WARN_COMMA = YES;
				CLANG_WARN_CONSTANT_CONVERSION = YES;
				CLANG_WARN_DEPRECATED_OBJC_IMPLEMENTATIONS = YES;
				CLANG_WARN_DIRECT_OBJC_ISA_USAGE = YES_ERROR;
				CLANG_WARN_DOCUMENTATION_COMMENTS = YES;
				CLANG_WARN_EMPTY_BODY = YES;
				CLANG_WARN_ENUM_CONVERSION = YES;
				CLANG_WARN_INFINITE_RECURSION = YES;
				CLANG_WARN_INT_CONVERSION = YES;
				CLANG_WARN_NON_LITERAL_NULL_CONVERSION = YES;
				CLANG_WARN_OBJC_IMPLICIT_RETAIN_SELF = YES;
				CLANG_WARN_OBJC_LITERAL_CONVERSION = YES;
				CLANG_WARN_OBJC_ROOT_CLASS = YES_ERROR;
				CLANG_WARN_QUOTED_INCLUDE_IN_FRAMEWORK_HEADER = YES;
				CLANG_WARN_RANGE_LOOP_ANALYSIS = YES;
				CLANG_WARN_STRICT_PROTOTYPES = YES;
				CLANG_WARN_SUSPICIOUS_MOVE = YES;
				CLANG_WARN_UNGUARDED_AVAILABILITY = YES_AGGRESSIVE;
				CLANG_WARN_UNREACHABLE_CODE = YES;
				CLANG_WARN__DUPLICATE_METHOD_MATCH = YES;
				COPY_PHASE_STRIP = NO;
				DEBUG_INFORMATION_FORMAT = dwarf;
				ENABLE_STRICT_OBJC_MSGSEND = YES;
				ENABLE_TESTABILITY = YES;
				GCC_C_LANGUAGE_STANDARD = gnu11;
				GCC_DYNAMIC_NO_PIC = NO;
				GCC_NO_COMMON_BLOCKS = YES;
				GCC_OPTIMIZATION_LEVEL = 0;
				GCC_PREPROCESSOR_DEFINITIONS = (
					"DEBUG=1",
					"$(inherited)",
				);
				GCC_WARN_64_TO_32_BIT_CONVERSION = YES;
				GCC_WARN_ABOUT_RETURN_TYPE = YES_ERROR;
				GCC_WARN_UNDECLARED_SELECTOR = YES;
				GCC_WARN_UNINITIALIZED_AUTOS = YES_AGGRESSIVE;
				GCC_WARN_UNUSED_FUNCTION = YES;
				GCC_WARN_UNUSED_VARIABLE = YES;
				IPHONEOS_DEPLOYMENT_TARGET = 14.0;
				MTL_ENABLE_DEBUG_INFO = INCLUDE_SOURCE;
				MTL_FAST_MATH = YES;
				ONLY_ACTIVE_ARCH = YES;
				SDKROOT = iphoneos;
				SWIFT_ACTIVE_COMPILATION_CONDITIONS = DEBUG;
				SWIFT_OPTIMIZATION_LEVEL = "-Onone";
			};
			name = Debug;
		};
		E970274925375A5900BFDE14 /* Release */ = {
			isa = XCBuildConfiguration;
			buildSettings = {
				ALWAYS_SEARCH_USER_PATHS = NO;
				CLANG_ANALYZER_NONNULL = YES;
				CLANG_ANALYZER_NUMBER_OBJECT_CONVERSION = YES_AGGRESSIVE;
				CLANG_CXX_LANGUAGE_STANDARD = "gnu++14";
				CLANG_CXX_LIBRARY = "libc++";
				CLANG_ENABLE_MODULES = YES;
				CLANG_ENABLE_OBJC_ARC = YES;
				CLANG_ENABLE_OBJC_WEAK = YES;
				CLANG_WARN_BLOCK_CAPTURE_AUTORELEASING = YES;
				CLANG_WARN_BOOL_CONVERSION = YES;
				CLANG_WARN_COMMA = YES;
				CLANG_WARN_CONSTANT_CONVERSION = YES;
				CLANG_WARN_DEPRECATED_OBJC_IMPLEMENTATIONS = YES;
				CLANG_WARN_DIRECT_OBJC_ISA_USAGE = YES_ERROR;
				CLANG_WARN_DOCUMENTATION_COMMENTS = YES;
				CLANG_WARN_EMPTY_BODY = YES;
				CLANG_WARN_ENUM_CONVERSION = YES;
				CLANG_WARN_INFINITE_RECURSION = YES;
				CLANG_WARN_INT_CONVERSION = YES;
				CLANG_WARN_NON_LITERAL_NULL_CONVERSION = YES;
				CLANG_WARN_OBJC_IMPLICIT_RETAIN_SELF = YES;
				CLANG_WARN_OBJC_LITERAL_CONVERSION = YES;
				CLANG_WARN_OBJC_ROOT_CLASS = YES_ERROR;
				CLANG_WARN_QUOTED_INCLUDE_IN_FRAMEWORK_HEADER = YES;
				CLANG_WARN_RANGE_LOOP_ANALYSIS = YES;
				CLANG_WARN_STRICT_PROTOTYPES = YES;
				CLANG_WARN_SUSPICIOUS_MOVE = YES;
				CLANG_WARN_UNGUARDED_AVAILABILITY = YES_AGGRESSIVE;
				CLANG_WARN_UNREACHABLE_CODE = YES;
				CLANG_WARN__DUPLICATE_METHOD_MATCH = YES;
				COPY_PHASE_STRIP = NO;
				DEBUG_INFORMATION_FORMAT = "dwarf-with-dsym";
				ENABLE_NS_ASSERTIONS = NO;
				ENABLE_STRICT_OBJC_MSGSEND = YES;
				GCC_C_LANGUAGE_STANDARD = gnu11;
				GCC_NO_COMMON_BLOCKS = YES;
				GCC_WARN_64_TO_32_BIT_CONVERSION = YES;
				GCC_WARN_ABOUT_RETURN_TYPE = YES_ERROR;
				GCC_WARN_UNDECLARED_SELECTOR = YES;
				GCC_WARN_UNINITIALIZED_AUTOS = YES_AGGRESSIVE;
				GCC_WARN_UNUSED_FUNCTION = YES;
				GCC_WARN_UNUSED_VARIABLE = YES;
				IPHONEOS_DEPLOYMENT_TARGET = 14.0;
				MTL_ENABLE_DEBUG_INFO = NO;
				MTL_FAST_MATH = YES;
				SDKROOT = iphoneos;
				SWIFT_COMPILATION_MODE = wholemodule;
				SWIFT_OPTIMIZATION_LEVEL = "-O";
				VALIDATE_PRODUCT = YES;
			};
			name = Release;
		};
		E970274B25375A5900BFDE14 /* Debug */ = {
			isa = XCBuildConfiguration;
			buildSettings = {
				ASSETCATALOG_COMPILER_APPICON_NAME = AppIcon;
				ASSETCATALOG_COMPILER_GLOBAL_ACCENT_COLOR_NAME = AccentColor;
				CODE_SIGN_STYLE = Automatic;
				DEVELOPMENT_TEAM = 7H4YT8KT5E;
				INFOPLIST_FILE = "Conversor de Moedas/Info.plist";
				LD_RUNPATH_SEARCH_PATHS = (
					"$(inherited)",
					"@executable_path/Frameworks",
				);
				PRODUCT_BUNDLE_IDENTIFIER = "com.mibo.Conversor-de-Moedas";
				PRODUCT_NAME = "$(TARGET_NAME)";
				SWIFT_VERSION = 5.0;
				TARGETED_DEVICE_FAMILY = "1,2";
			};
			name = Debug;
		};
		E970274C25375A5900BFDE14 /* Release */ = {
			isa = XCBuildConfiguration;
			buildSettings = {
				ASSETCATALOG_COMPILER_APPICON_NAME = AppIcon;
				ASSETCATALOG_COMPILER_GLOBAL_ACCENT_COLOR_NAME = AccentColor;
				CODE_SIGN_STYLE = Automatic;
				DEVELOPMENT_TEAM = 7H4YT8KT5E;
				INFOPLIST_FILE = "Conversor de Moedas/Info.plist";
				LD_RUNPATH_SEARCH_PATHS = (
					"$(inherited)",
					"@executable_path/Frameworks",
				);
				PRODUCT_BUNDLE_IDENTIFIER = "com.mibo.Conversor-de-Moedas";
				PRODUCT_NAME = "$(TARGET_NAME)";
				SWIFT_VERSION = 5.0;
				TARGETED_DEVICE_FAMILY = "1,2";
			};
			name = Release;
		};
/* End XCBuildConfiguration section */

/* Begin XCConfigurationList section */
		E970272E25375A5800BFDE14 /* Build configuration list for PBXProject "Conversor de Moedas" */ = {
			isa = XCConfigurationList;
			buildConfigurations = (
				E970274825375A5900BFDE14 /* Debug */,
				E970274925375A5900BFDE14 /* Release */,
			);
			defaultConfigurationIsVisible = 0;
			defaultConfigurationName = Release;
		};
		E970274A25375A5900BFDE14 /* Build configuration list for PBXNativeTarget "Conversor de Moedas" */ = {
			isa = XCConfigurationList;
			buildConfigurations = (
				E970274B25375A5900BFDE14 /* Debug */,
				E970274C25375A5900BFDE14 /* Release */,
			);
			defaultConfigurationIsVisible = 0;
			defaultConfigurationName = Release;
		};
/* End XCConfigurationList section */

/* Begin XCVersionGroup section */
		E970273F25375A5800BFDE14 /* Conversor_de_Moedas.xcdatamodeld */ = {
			isa = XCVersionGroup;
			children = (
				E970274025375A5800BFDE14 /* Conversor_de_Moedas.xcdatamodel */,
			);
			currentVersion = E970274025375A5800BFDE14 /* Conversor_de_Moedas.xcdatamodel */;
			path = Conversor_de_Moedas.xcdatamodeld;
			sourceTree = "<group>";
			versionGroupType = wrapper.xcdatamodel;
		};
/* End XCVersionGroup section */
	};
	rootObject = E970272B25375A5800BFDE14 /* Project object */;
}
